Microsoft Visual Studio Solution File, Format Version 12.00
# Visual Studio Version 17
VisualStudioVersion = 17.5.2.0
MinimumVisualStudioVersion = 10.0.40219.1
Project("{2150E333-8FDC-42A3-9474-1A3956D46DE8}") = "backend", "backend", "{1AE8ACA6-933B-BF2A-3671-3E2EAC007D16}"
EndProject
Project("{FAE04EC0-301F-11D3-BF4B-00C04F79EFBC}") = "DungeonCrawler.API", "backend\DungeonCrawler.API\DungeonCrawler.API.csproj", "{D1114FC0-CF67-4747-12DF-2C85E9A1A7EE}"
EndProject
Project("{FAE04EC0-301F-11D3-BF4B-00C04F79EFBC}") = "DungeonCrawler.Tests", "backend\DungeonCrawler.Tests\DungeonCrawler.Tests.csproj", "{8D15C53E-2667-F634-E110-EE10CEECDEC1}"
EndProject
Global
	GlobalSection(SolutionConfigurationPlatforms) = preSolution
		Debug|Any CPU = Debug|Any CPU
		Release|Any CPU = Release|Any CPU
	EndGlobalSection
	GlobalSection(ProjectConfigurationPlatforms) = postSolution
		{D1114FC0-CF67-4747-12DF-2C85E9A1A7EE}.Debug|Any CPU.ActiveCfg = Debug|Any CPU
		{D1114FC0-CF67-4747-12DF-2C85E9A1A7EE}.Debug|Any CPU.Build.0 = Debug|Any CPU
		{D1114FC0-CF67-4747-12DF-2C85E9A1A7EE}.Release|Any CPU.ActiveCfg = Release|Any CPU
		{D1114FC0-CF67-4747-12DF-2C85E9A1A7EE}.Release|Any CPU.Build.0 = Release|Any CPU
		{8D15C53E-2667-F634-E110-EE10CEECDEC1}.Debug|Any CPU.ActiveCfg = Debug|Any CPU
		{8D15C53E-2667-F634-E110-EE10CEECDEC1}.Debug|Any CPU.Build.0 = Debug|Any CPU
		{8D15C53E-2667-F634-E110-EE10CEECDEC1}.Release|Any CPU.ActiveCfg = Release|Any CPU
		{8D15C53E-2667-F634-E110-EE10CEECDEC1}.Release|Any CPU.Build.0 = Release|Any CPU
	EndGlobalSection
	GlobalSection(SolutionProperties) = preSolution
		HideSolutionNode = FALSE
	EndGlobalSection
	GlobalSection(NestedProjects) = preSolution
		{D1114FC0-CF67-4747-12DF-2C85E9A1A7EE} = {1AE8ACA6-933B-BF2A-3671-3E2EAC007D16}
		{8D15C53E-2667-F634-E110-EE10CEECDEC1} = {1AE8ACA6-933B-BF2A-3671-3E2EAC007D16}
	EndGlobalSection
	GlobalSection(ExtensibilityGlobals) = postSolution
		SolutionGuid = {84DDE400-8190-47FE-96C8-4E11327D8B11}
	EndGlobalSection
EndGlobal
