Microsoft Visual Studio Solution File, Format Version 12.00
# Visual Studio Version 17
VisualStudioVersion = 17.5.2.0
MinimumVisualStudioVersion = 10.0.40219.1
Project("{FAE04EC0-301F-11D3-BF4B-00C04F79EFBC}") = "DungeonCrawler.API", "DungeonCrawler.API.csproj", "{4E29B4E2-A9ED-9D3F-9B98-E1830214B2C7}"
EndProject
Global
	GlobalSection(SolutionConfigurationPlatforms) = preSolution
		Debug|Any CPU = Debug|Any CPU
		Release|Any CPU = Release|Any CPU
	EndGlobalSection
	GlobalSection(ProjectConfigurationPlatforms) = postSolution
		{4E29B4E2-A9ED-9D3F-9B98-E1830214B2C7}.Debug|Any CPU.ActiveCfg = Debug|Any CPU
		{4E29B4E2-A9ED-9D3F-9B98-E1830214B2C7}.Debug|Any CPU.Build.0 = Debug|Any CPU
		{4E29B4E2-A9ED-9D3F-9B98-E1830214B2C7}.Release|Any CPU.ActiveCfg = Release|Any CPU
		{4E29B4E2-A9ED-9D3F-9B98-E1830214B2C7}.Release|Any CPU.Build.0 = Release|Any CPU
	EndGlobalSection
	GlobalSection(SolutionProperties) = preSolution
		HideSolutionNode = FALSE
	EndGlobalSection
	GlobalSection(ExtensibilityGlobals) = postSolution
		SolutionGuid = {65F8F951-6BE4-471A-8F09-F0538F3B090D}
	EndGlobalSection
EndGlobal
